// !$*UTF8*$!
{
	archiveVersion = 1;
	classes = {
	};
	objectVersion = 50;
	objects = {

/* Begin PBXBuildFile section */
		E626659122F0164A00BF641E /* AppDelegate.swift in Sources */ = {isa = PBXBuildFile; fileRef = E626659022F0164A00BF641E /* AppDelegate.swift */; };
		E626659322F0164A00BF641E /* SceneDelegate.swift in Sources */ = {isa = PBXBuildFile; fileRef = E626659222F0164A00BF641E /* SceneDelegate.swift */; };
		E626659522F0164A00BF641E /* ContentView.swift in Sources */ = {isa = PBXBuildFile; fileRef = E626659422F0164A00BF641E /* ContentView.swift */; };
		E626659722F0164F00BF641E /* Assets.xcassets in Resources */ = {isa = PBXBuildFile; fileRef = E626659622F0164F00BF641E /* Assets.xcassets */; };
		E626659A22F0164F00BF641E /* Preview Assets.xcassets in Resources */ = {isa = PBXBuildFile; fileRef = E626659922F0164F00BF641E /* Preview Assets.xcassets */; };
		E626659D22F0164F00BF641E /* LaunchScreen.storyboard in Resources */ = {isa = PBXBuildFile; fileRef = E626659B22F0164F00BF641E /* LaunchScreen.storyboard */; };
		E62665A822F0170500BF641E /* TextView.swift in Sources */ = {isa = PBXBuildFile; fileRef = E62665A722F0170500BF641E /* TextView.swift */; };
		E62665AA22F0182000BF641E /* TextFieldView.swift in Sources */ = {isa = PBXBuildFile; fileRef = E62665A922F0182000BF641E /* TextFieldView.swift */; };
		E62665AC22F01B0800BF641E /* ImageView.swift in Sources */ = {isa = PBXBuildFile; fileRef = E62665AB22F01B0800BF641E /* ImageView.swift */; };
		E62665AE22F0366400BF641E /* CryptroJson.swift in Sources */ = {isa = PBXBuildFile; fileRef = E62665AD22F0366400BF641E /* CryptroJson.swift */; };
/* End PBXBuildFile section */

/* Begin PBXFileReference section */
		E626658D22F0164A00BF641E /* SwiftUI-Essentials.app */ = {isa = PBXFileReference; explicitFileType = wrapper.application; includeInIndex = 0; path = "SwiftUI-Essentials.app"; sourceTree = BUILT_PRODUCTS_DIR; };
		E626659022F0164A00BF641E /* AppDelegate.swift */ = {isa = PBXFileReference; lastKnownFileType = sourcecode.swift; path = AppDelegate.swift; sourceTree = "<group>"; };
		E626659222F0164A00BF641E /* SceneDelegate.swift */ = {isa = PBXFileReference; lastKnownFileType = sourcecode.swift; path = SceneDelegate.swift; sourceTree = "<group>"; };
		E626659422F0164A00BF641E /* ContentView.swift */ = {isa = PBXFileReference; lastKnownFileType = sourcecode.swift; path = ContentView.swift; sourceTree = "<group>"; };
		E626659622F0164F00BF641E /* Assets.xcassets */ = {isa = PBXFileReference; lastKnownFileType = folder.assetcatalog; path = Assets.xcassets; sourceTree = "<group>"; };
		E626659922F0164F00BF641E /* Preview Assets.xcassets */ = {isa = PBXFileReference; lastKnownFileType = folder.assetcatalog; path = "Preview Assets.xcassets"; sourceTree = "<group>"; };
		E626659C22F0164F00BF641E /* Base */ = {isa = PBXFileReference; lastKnownFileType = file.storyboard; name = Base; path = Base.lproj/LaunchScreen.storyboard; sourceTree = "<group>"; };
		E626659E22F0164F00BF641E /* Info.plist */ = {isa = PBXFileReference; lastKnownFileType = text.plist.xml; path = Info.plist; sourceTree = "<group>"; };
		E62665A722F0170500BF641E /* TextView.swift */ = {isa = PBXFileReference; lastKnownFileType = sourcecode.swift; path = TextView.swift; sourceTree = "<group>"; };
		E62665A922F0182000BF641E /* TextFieldView.swift */ = {isa = PBXFileReference; lastKnownFileType = sourcecode.swift; path = TextFieldView.swift; sourceTree = "<group>"; };
		E62665AB22F01B0800BF641E /* ImageView.swift */ = {isa = PBXFileReference; lastKnownFileType = sourcecode.swift; path = ImageView.swift; sourceTree = "<group>"; };
		E62665AD22F0366400BF641E /* CryptroJson.swift */ = {isa = PBXFileReference; lastKnownFileType = sourcecode.swift; path = CryptroJson.swift; sourceTree = "<group>"; };
/* End PBXFileReference section */

/* Begin PBXFrameworksBuildPhase section */
		E626658A22F0164A00BF641E /* Frameworks */ = {
			isa = PBXFrameworksBuildPhase;
			buildActionMask = 2147483647;
			files = (
			);
			runOnlyForDeploymentPostprocessing = 0;
		};
/* End PBXFrameworksBuildPhase section */

/* Begin PBXGroup section */
		E626658422F0164A00BF641E = {
			isa = PBXGroup;
			children = (
				E626658F22F0164A00BF641E /* SwiftUI-Essentials */,
				E626658E22F0164A00BF641E /* Products */,
			);
			sourceTree = "<group>";
		};
		E626658E22F0164A00BF641E /* Products */ = {
			isa = PBXGroup;
			children = (
				E626658D22F0164A00BF641E /* SwiftUI-Essentials.app */,
			);
			name = Products;
			sourceTree = "<group>";
		};
		E626658F22F0164A00BF641E /* SwiftUI-Essentials */ = {
			isa = PBXGroup;
			children = (
				E62665A422F0168900BF641E /* CommonView */,
				E626659022F0164A00BF641E /* AppDelegate.swift */,
				E626659222F0164A00BF641E /* SceneDelegate.swift */,
				E62665AD22F0366400BF641E /* CryptroJson.swift */,
				E626659622F0164F00BF641E /* Assets.xcassets */,
				E626659B22F0164F00BF641E /* LaunchScreen.storyboard */,
				E626659E22F0164F00BF641E /* Info.plist */,
				E626659822F0164F00BF641E /* Preview Content */,
			);
			path = "SwiftUI-Essentials";
			sourceTree = "<group>";
		};
		E626659822F0164F00BF641E /* Preview Content */ = {
			isa = PBXGroup;
			children = (
				E626659922F0164F00BF641E /* Preview Assets.xcassets */,
			);
			path = "Preview Content";
			sourceTree = "<group>";
		};
		E62665A422F0168900BF641E /* CommonView */ = {
			isa = PBXGroup;
			children = (
				E62665A722F0170500BF641E /* TextView.swift */,
				E62665A922F0182000BF641E /* TextFieldView.swift */,
				E62665AB22F01B0800BF641E /* ImageView.swift */,
				E626659422F0164A00BF641E /* ContentView.swift */,
			);
			path = CommonView;
			sourceTree = "<group>";
		};
/* End PBXGroup section */

/* Begin PBXNativeTarget section */
		E626658C22F0164A00BF641E /* SwiftUI-Essentials */ = {
			isa = PBXNativeTarget;
			buildConfigurationList = E62665A122F0164F00BF641E /* Build configuration list for PBXNativeTarget "SwiftUI-Essentials" */;
			buildPhases = (
				E626658922F0164A00BF641E /* Sources */,
				E626658A22F0164A00BF641E /* Frameworks */,
				E626658B22F0164A00BF641E /* Resources */,
			);
			buildRules = (
			);
			dependencies = (
			);
			name = "SwiftUI-Essentials";
			productName = "SwiftUI-Essentials";
			productReference = E626658D22F0164A00BF641E /* SwiftUI-Essentials.app */;
			productType = "com.apple.product-type.application";
		};
/* End PBXNativeTarget section */

/* Begin PBXProject section */
		E626658522F0164A00BF641E /* Project object */ = {
			isa = PBXProject;
			attributes = {
				LastSwiftUpdateCheck = 1100;
				LastUpgradeCheck = 1100;
				ORGANIZATIONNAME = devsloop;
				TargetAttributes = {
					E626658C22F0164A00BF641E = {
						CreatedOnToolsVersion = 11.0;
					};
				};
			};
			buildConfigurationList = E626658822F0164A00BF641E /* Build configuration list for PBXProject "SwiftUI-Essentials" */;
			compatibilityVersion = "Xcode 9.3";
			developmentRegion = en;
			hasScannedForEncodings = 0;
			knownRegions = (
				en,
				Base,
			);
			mainGroup = E626658422F0164A00BF641E;
			productRefGroup = E626658E22F0164A00BF641E /* Products */;
			projectDirPath = "";
			projectRoot = "";
			targets = (
				E626658C22F0164A00BF641E /* SwiftUI-Essentials */,
			);
		};
/* End PBXProject section */

/* Begin PBXResourcesBuildPhase section */
		E626658B22F0164A00BF641E /* Resources */ = {
			isa = PBXResourcesBuildPhase;
			buildActionMask = 2147483647;
			files = (
				E626659D22F0164F00BF641E /* LaunchScreen.storyboard in Resources */,
				E626659A22F0164F00BF641E /* Preview Assets.xcassets in Resources */,
				E626659722F0164F00BF641E /* Assets.xcassets in Resources */,
			);
			runOnlyForDeploymentPostprocessing = 0;
		};
/* End PBXResourcesBuildPhase section */

/* Begin PBXSourcesBuildPhase section */
		E626658922F0164A00BF641E /* Sources */ = {
			isa = PBXSourcesBuildPhase;
			buildActionMask = 2147483647;
			files = (
				E62665AC22F01B0800BF641E /* ImageView.swift in Sources */,
				E626659122F0164A00BF641E /* AppDelegate.swift in Sources */,
				E62665AE22F0366400BF641E /* CryptroJson.swift in Sources */,
				E62665AA22F0182000BF641E /* TextFieldView.swift in Sources */,
				E62665A822F0170500BF641E /* TextView.swift in Sources */,
				E626659322F0164A00BF641E /* SceneDelegate.swift in Sources */,
				E626659522F0164A00BF641E /* ContentView.swift in Sources */,
			);
			runOnlyForDeploymentPostprocessing = 0;
		};
/* End PBXSourcesBuildPhase section */

/* Begin PBXVariantGroup section */
		E626659B22F0164F00BF641E /* LaunchScreen.storyboard */ = {
			isa = PBXVariantGroup;
			children = (
				E626659C22F0164F00BF641E /* Base */,
			);
			name = LaunchScreen.storyboard;
			sourceTree = "<group>";
		};
/* End PBXVariantGroup section */

/* Begin XCBuildConfiguration section */
		E626659F22F0164F00BF641E /* Debug */ = {
			isa = XCBuildConfiguration;
			buildSettings = {
				ALWAYS_SEARCH_USER_PATHS = NO;
				CLANG_ANALYZER_NONNULL = YES;
				CLANG_ANALYZER_NUMBER_OBJECT_CONVERSION = YES_AGGRESSIVE;
				CLANG_CXX_LANGUAGE_STANDARD = "gnu++14";
				CLANG_CXX_LIBRARY = "libc++";
				CLANG_ENABLE_MODULES = YES;
				CLANG_ENABLE_OBJC_ARC = YES;
				CLANG_ENABLE_OBJC_WEAK = YES;
				CLANG_WARN_BLOCK_CAPTURE_AUTORELEASING = YES;
				CLANG_WARN_BOOL_CONVERSION = YES;
				CLANG_WARN_COMMA = YES;
				CLANG_WARN_CONSTANT_CONVERSION = YES;
				CLANG_WARN_DEPRECATED_OBJC_IMPLEMENTATIONS = YES;
				CLANG_WARN_DIRECT_OBJC_ISA_USAGE = YES_ERROR;
				CLANG_WARN_DOCUMENTATION_COMMENTS = YES;
				CLANG_WARN_EMPTY_BODY = YES;
				CLANG_WARN_ENUM_CONVERSION = YES;
				CLANG_WARN_INFINITE_RECURSION = YES;
				CLANG_WARN_INT_CONVERSION = YES;
				CLANG_WARN_NON_LITERAL_NULL_CONVERSION = YES;
				CLANG_WARN_OBJC_IMPLICIT_RETAIN_SELF = YES;
				CLANG_WARN_OBJC_LITERAL_CONVERSION = YES;
				CLANG_WARN_OBJC_ROOT_CLASS = YES_ERROR;
				CLANG_WARN_RANGE_LOOP_ANALYSIS = YES;
				CLANG_WARN_STRICT_PROTOTYPES = YES;
				CLANG_WARN_SUSPICIOUS_MOVE = YES;
				CLANG_WARN_UNGUARDED_AVAILABILITY = YES_AGGRESSIVE;
				CLANG_WARN_UNREACHABLE_CODE = YES;
				CLANG_WARN__DUPLICATE_METHOD_MATCH = YES;
				COPY_PHASE_STRIP = NO;
				DEBUG_INFORMATION_FORMAT = dwarf;
				ENABLE_STRICT_OBJC_MSGSEND = YES;
				ENABLE_TESTABILITY = YES;
				GCC_C_LANGUAGE_STANDARD = gnu11;
				GCC_DYNAMIC_NO_PIC = NO;
				GCC_NO_COMMON_BLOCKS = YES;
				GCC_OPTIMIZATION_LEVEL = 0;
				GCC_PREPROCESSOR_DEFINITIONS = (
					"DEBUG=1",
					"$(inherited)",
				);
				GCC_WARN_64_TO_32_BIT_CONVERSION = YES;
				GCC_WARN_ABOUT_RETURN_TYPE = YES_ERROR;
				GCC_WARN_UNDECLARED_SELECTOR = YES;
				GCC_WARN_UNINITIALIZED_AUTOS = YES_AGGRESSIVE;
				GCC_WARN_UNUSED_FUNCTION = YES;
				GCC_WARN_UNUSED_VARIABLE = YES;
				IPHONEOS_DEPLOYMENT_TARGET = 13.0;
				MTL_ENABLE_DEBUG_INFO = INCLUDE_SOURCE;
				MTL_FAST_MATH = YES;
				ONLY_ACTIVE_ARCH = YES;
				SDKROOT = iphoneos;
				SWIFT_ACTIVE_COMPILATION_CONDITIONS = DEBUG;
				SWIFT_OPTIMIZATION_LEVEL = "-Onone";
			};
			name = Debug;
		};
		E62665A022F0164F00BF641E /* Release */ = {
			isa = XCBuildConfiguration;
			buildSettings = {
				ALWAYS_SEARCH_USER_PATHS = NO;
				CLANG_ANALYZER_NONNULL = YES;
				CLANG_ANALYZER_NUMBER_OBJECT_CONVERSION = YES_AGGRESSIVE;
				CLANG_CXX_LANGUAGE_STANDARD = "gnu++14";
				CLANG_CXX_LIBRARY = "libc++";
				CLANG_ENABLE_MODULES = YES;
				CLANG_ENABLE_OBJC_ARC = YES;
				CLANG_ENABLE_OBJC_WEAK = YES;
				CLANG_WARN_BLOCK_CAPTURE_AUTORELEASING = YES;
				CLANG_WARN_BOOL_CONVERSION = YES;
				CLANG_WARN_COMMA = YES;
				CLANG_WARN_CONSTANT_CONVERSION = YES;
				CLANG_WARN_DEPRECATED_OBJC_IMPLEMENTATIONS = YES;
				CLANG_WARN_DIRECT_OBJC_ISA_USAGE = YES_ERROR;
				CLANG_WARN_DOCUMENTATION_COMMENTS = YES;
				CLANG_WARN_EMPTY_BODY = YES;
				CLANG_WARN_ENUM_CONVERSION = YES;
				CLANG_WARN_INFINITE_RECURSION = YES;
				CLANG_WARN_INT_CONVERSION = YES;
				CLANG_WARN_NON_LITERAL_NULL_CONVERSION = YES;
				CLANG_WARN_OBJC_IMPLICIT_RETAIN_SELF = YES;
				CLANG_WARN_OBJC_LITERAL_CONVERSION = YES;
				CLANG_WARN_OBJC_ROOT_CLASS = YES_ERROR;
				CLANG_WARN_RANGE_LOOP_ANALYSIS = YES;
				CLANG_WARN_STRICT_PROTOTYPES = YES;
				CLANG_WARN_SUSPICIOUS_MOVE = YES;
				CLANG_WARN_UNGUARDED_AVAILABILITY = YES_AGGRESSIVE;
				CLANG_WARN_UNREACHABLE_CODE = YES;
				CLANG_WARN__DUPLICATE_METHOD_MATCH = YES;
				COPY_PHASE_STRIP = NO;
				DEBUG_INFORMATION_FORMAT = "dwarf-with-dsym";
				ENABLE_NS_ASSERTIONS = NO;
				ENABLE_STRICT_OBJC_MSGSEND = YES;
				GCC_C_LANGUAGE_STANDARD = gnu11;
				GCC_NO_COMMON_BLOCKS = YES;
				GCC_WARN_64_TO_32_BIT_CONVERSION = YES;
				GCC_WARN_ABOUT_RETURN_TYPE = YES_ERROR;
				GCC_WARN_UNDECLARED_SELECTOR = YES;
				GCC_WARN_UNINITIALIZED_AUTOS = YES_AGGRESSIVE;
				GCC_WARN_UNUSED_FUNCTION = YES;
				GCC_WARN_UNUSED_VARIABLE = YES;
				IPHONEOS_DEPLOYMENT_TARGET = 13.0;
				MTL_ENABLE_DEBUG_INFO = NO;
				MTL_FAST_MATH = YES;
				SDKROOT = iphoneos;
				SWIFT_COMPILATION_MODE = wholemodule;
				SWIFT_OPTIMIZATION_LEVEL = "-O";
				VALIDATE_PRODUCT = YES;
			};
			name = Release;
		};
		E62665A222F0164F00BF641E /* Debug */ = {
			isa = XCBuildConfiguration;
			buildSettings = {
				ASSETCATALOG_COMPILER_APPICON_NAME = AppIcon;
				CODE_SIGN_STYLE = Automatic;
				DEVELOPMENT_ASSET_PATHS = "SwiftUI-Essentials/Preview\\ Content";
				ENABLE_PREVIEWS = YES;
				INFOPLIST_FILE = "SwiftUI-Essentials/Info.plist";
				LD_RUNPATH_SEARCH_PATHS = (
					"$(inherited)",
					"@executable_path/Frameworks",
				);
				PRODUCT_BUNDLE_IDENTIFIER = "com.devsloop.SwiftUI-Essentials";
				PRODUCT_NAME = "$(TARGET_NAME)";
				SWIFT_VERSION = 5.0;
				TARGETED_DEVICE_FAMILY = "1,2";
			};
			name = Debug;
		};
		E62665A322F0164F00BF641E /* Release */ = {
			isa = XCBuildConfiguration;
			buildSettings = {
				ASSETCATALOG_COMPILER_APPICON_NAME = AppIcon;
				CODE_SIGN_STYLE = Automatic;
				DEVELOPMENT_ASSET_PATHS = "SwiftUI-Essentials/Preview\\ Content";
				ENABLE_PREVIEWS = YES;
				INFOPLIST_FILE = "SwiftUI-Essentials/Info.plist";
				LD_RUNPATH_SEARCH_PATHS = (
					"$(inherited)",
					"@executable_path/Frameworks",
				);
				PRODUCT_BUNDLE_IDENTIFIER = "com.devsloop.SwiftUI-Essentials";
				PRODUCT_NAME = "$(TARGET_NAME)";
				SWIFT_VERSION = 5.0;
				TARGETED_DEVICE_FAMILY = "1,2";
			};
			name = Release;
		};
/* End XCBuildConfiguration section */

/* Begin XCConfigurationList section */
		E626658822F0164A00BF641E /* Build configuration list for PBXProject "SwiftUI-Essentials" */ = {
			isa = XCConfigurationList;
			buildConfigurations = (
				E626659F22F0164F00BF641E /* Debug */,
				E62665A022F0164F00BF641E /* Release */,
			);
			defaultConfigurationIsVisible = 0;
			defaultConfigurationName = Release;
		};
		E62665A122F0164F00BF641E /* Build configuration list for PBXNativeTarget "SwiftUI-Essentials" */ = {
			isa = XCConfigurationList;
			buildConfigurations = (
				E62665A222F0164F00BF641E /* Debug */,
				E62665A322F0164F00BF641E /* Release */,
			);
			defaultConfigurationIsVisible = 0;
			defaultConfigurationName = Release;
		};
/* End XCConfigurationList section */
	};
	rootObject = E626658522F0164A00BF641E /* Project object */;
}
