// !$*UTF8*$!
{
	archiveVersion = 1;
	classes = {
	};
	objectVersion = 50;
	objects = {

/* Begin PBXBuildFile section */
		A1D524F6240D86AD002FB8E0 /* AppDelegate.swift in Sources */ = {isa = PBXBuildFile; fileRef = A1D524F5240D86AD002FB8E0 /* AppDelegate.swift */; };
		A1D524F8240D86AD002FB8E0 /* SceneDelegate.swift in Sources */ = {isa = PBXBuildFile; fileRef = A1D524F7240D86AD002FB8E0 /* SceneDelegate.swift */; };
		A1D524FA240D86AD002FB8E0 /* ContentView.swift in Sources */ = {isa = PBXBuildFile; fileRef = A1D524F9240D86AD002FB8E0 /* ContentView.swift */; };
		A1D524FC240D86B1002FB8E0 /* Assets.xcassets in Resources */ = {isa = PBXBuildFile; fileRef = A1D524FB240D86B1002FB8E0 /* Assets.xcassets */; };
		A1D524FF240D86B1002FB8E0 /* Preview Assets.xcassets in Resources */ = {isa = PBXBuildFile; fileRef = A1D524FE240D86B1002FB8E0 /* Preview Assets.xcassets */; };
		A1D52502240D86B1002FB8E0 /* LaunchScreen.storyboard in Resources */ = {isa = PBXBuildFile; fileRef = A1D52500240D86B1002FB8E0 /* LaunchScreen.storyboard */; };
		A1D5250C240D86F6002FB8E0 /* Expense.swift in Sources */ = {isa = PBXBuildFile; fileRef = A1D5250B240D86F6002FB8E0 /* Expense.swift */; };
/* End PBXBuildFile section */

/* Begin PBXFileReference section */
		A1D524F2240D86AD002FB8E0 /* Report-SwiftUI.app */ = {isa = PBXFileReference; explicitFileType = wrapper.application; includeInIndex = 0; path = "Report-SwiftUI.app"; sourceTree = BUILT_PRODUCTS_DIR; };
		A1D524F5240D86AD002FB8E0 /* AppDelegate.swift */ = {isa = PBXFileReference; lastKnownFileType = sourcecode.swift; path = AppDelegate.swift; sourceTree = "<group>"; };
		A1D524F7240D86AD002FB8E0 /* SceneDelegate.swift */ = {isa = PBXFileReference; lastKnownFileType = sourcecode.swift; path = SceneDelegate.swift; sourceTree = "<group>"; };
		A1D524F9240D86AD002FB8E0 /* ContentView.swift */ = {isa = PBXFileReference; lastKnownFileType = sourcecode.swift; path = ContentView.swift; sourceTree = "<group>"; };
		A1D524FB240D86B1002FB8E0 /* Assets.xcassets */ = {isa = PBXFileReference; lastKnownFileType = folder.assetcatalog; path = Assets.xcassets; sourceTree = "<group>"; };
		A1D524FE240D86B1002FB8E0 /* Preview Assets.xcassets */ = {isa = PBXFileReference; lastKnownFileType = folder.assetcatalog; path = "Preview Assets.xcassets"; sourceTree = "<group>"; };
		A1D52501240D86B1002FB8E0 /* Base */ = {isa = PBXFileReference; lastKnownFileType = file.storyboard; name = Base; path = Base.lproj/LaunchScreen.storyboard; sourceTree = "<group>"; };
		A1D52503240D86B1002FB8E0 /* Info.plist */ = {isa = PBXFileReference; lastKnownFileType = text.plist.xml; path = Info.plist; sourceTree = "<group>"; };
		A1D5250B240D86F6002FB8E0 /* Expense.swift */ = {isa = PBXFileReference; lastKnownFileType = sourcecode.swift; path = Expense.swift; sourceTree = "<group>"; };
/* End PBXFileReference section */

/* Begin PBXFrameworksBuildPhase section */
		A1D524EF240D86AD002FB8E0 /* Frameworks */ = {
			isa = PBXFrameworksBuildPhase;
			buildActionMask = 2147483647;
			files = (
			);
			runOnlyForDeploymentPostprocessing = 0;
		};
/* End PBXFrameworksBuildPhase section */

/* Begin PBXGroup section */
		A1D524E9240D86AD002FB8E0 = {
			isa = PBXGroup;
			children = (
				A1D524F4240D86AD002FB8E0 /* Report-SwiftUI */,
				A1D524F3240D86AD002FB8E0 /* Products */,
			);
			sourceTree = "<group>";
		};
		A1D524F3240D86AD002FB8E0 /* Products */ = {
			isa = PBXGroup;
			children = (
				A1D524F2240D86AD002FB8E0 /* Report-SwiftUI.app */,
			);
			name = Products;
			sourceTree = "<group>";
		};
		A1D524F4240D86AD002FB8E0 /* Report-SwiftUI */ = {
			isa = PBXGroup;
			children = (
				A1D524F5240D86AD002FB8E0 /* AppDelegate.swift */,
				A1D524F7240D86AD002FB8E0 /* SceneDelegate.swift */,
				A1D524F9240D86AD002FB8E0 /* ContentView.swift */,
				A1D524FB240D86B1002FB8E0 /* Assets.xcassets */,
				A1D52500240D86B1002FB8E0 /* LaunchScreen.storyboard */,
				A1D52503240D86B1002FB8E0 /* Info.plist */,
				A1D524FD240D86B1002FB8E0 /* Preview Content */,
				A1D5250B240D86F6002FB8E0 /* Expense.swift */,
			);
			path = "Report-SwiftUI";
			sourceTree = "<group>";
		};
		A1D524FD240D86B1002FB8E0 /* Preview Content */ = {
			isa = PBXGroup;
			children = (
				A1D524FE240D86B1002FB8E0 /* Preview Assets.xcassets */,
			);
			path = "Preview Content";
			sourceTree = "<group>";
		};
/* End PBXGroup section */

/* Begin PBXNativeTarget section */
		A1D524F1240D86AD002FB8E0 /* Report-SwiftUI */ = {
			isa = PBXNativeTarget;
			buildConfigurationList = A1D52506240D86B1002FB8E0 /* Build configuration list for PBXNativeTarget "Report-SwiftUI" */;
			buildPhases = (
				A1D524EE240D86AD002FB8E0 /* Sources */,
				A1D524EF240D86AD002FB8E0 /* Frameworks */,
				A1D524F0240D86AD002FB8E0 /* Resources */,
			);
			buildRules = (
			);
			dependencies = (
			);
			name = "Report-SwiftUI";
			productName = "Report-SwiftUI";
			productReference = A1D524F2240D86AD002FB8E0 /* Report-SwiftUI.app */;
			productType = "com.apple.product-type.application";
		};
/* End PBXNativeTarget section */

/* Begin PBXProject section */
		A1D524EA240D86AD002FB8E0 /* Project object */ = {
			isa = PBXProject;
			attributes = {
				LastSwiftUpdateCheck = 1130;
				LastUpgradeCheck = 1130;
				ORGANIZATIONNAME = Sinbad;
				TargetAttributes = {
					A1D524F1240D86AD002FB8E0 = {
						CreatedOnToolsVersion = 11.3.1;
					};
				};
			};
			buildConfigurationList = A1D524ED240D86AD002FB8E0 /* Build configuration list for PBXProject "Report-SwiftUI" */;
			compatibilityVersion = "Xcode 9.3";
			developmentRegion = en;
			hasScannedForEncodings = 0;
			knownRegions = (
				en,
				Base,
			);
			mainGroup = A1D524E9240D86AD002FB8E0;
			productRefGroup = A1D524F3240D86AD002FB8E0 /* Products */;
			projectDirPath = "";
			projectRoot = "";
			targets = (
				A1D524F1240D86AD002FB8E0 /* Report-SwiftUI */,
			);
		};
/* End PBXProject section */

/* Begin PBXResourcesBuildPhase section */
		A1D524F0240D86AD002FB8E0 /* Resources */ = {
			isa = PBXResourcesBuildPhase;
			buildActionMask = 2147483647;
			files = (
				A1D52502240D86B1002FB8E0 /* LaunchScreen.storyboard in Resources */,
				A1D524FF240D86B1002FB8E0 /* Preview Assets.xcassets in Resources */,
				A1D524FC240D86B1002FB8E0 /* Assets.xcassets in Resources */,
			);
			runOnlyForDeploymentPostprocessing = 0;
		};
/* End PBXResourcesBuildPhase section */

/* Begin PBXSourcesBuildPhase section */
		A1D524EE240D86AD002FB8E0 /* Sources */ = {
			isa = PBXSourcesBuildPhase;
			buildActionMask = 2147483647;
			files = (
				A1D5250C240D86F6002FB8E0 /* Expense.swift in Sources */,
				A1D524F6240D86AD002FB8E0 /* AppDelegate.swift in Sources */,
				A1D524F8240D86AD002FB8E0 /* SceneDelegate.swift in Sources */,
				A1D524FA240D86AD002FB8E0 /* ContentView.swift in Sources */,
			);
			runOnlyForDeploymentPostprocessing = 0;
		};
/* End PBXSourcesBuildPhase section */

/* Begin PBXVariantGroup section */
		A1D52500240D86B1002FB8E0 /* LaunchScreen.storyboard */ = {
			isa = PBXVariantGroup;
			children = (
				A1D52501240D86B1002FB8E0 /* Base */,
			);
			name = LaunchScreen.storyboard;
			sourceTree = "<group>";
		};
/* End PBXVariantGroup section */

/* Begin XCBuildConfiguration section */
		A1D52504240D86B1002FB8E0 /* Debug */ = {
			isa = XCBuildConfiguration;
			buildSettings = {
				ALWAYS_SEARCH_USER_PATHS = NO;
				CLANG_ANALYZER_NONNULL = YES;
				CLANG_ANALYZER_NUMBER_OBJECT_CONVERSION = YES_AGGRESSIVE;
				CLANG_CXX_LANGUAGE_STANDARD = "gnu++14";
				CLANG_CXX_LIBRARY = "libc++";
				CLANG_ENABLE_MODULES = YES;
				CLANG_ENABLE_OBJC_ARC = YES;
				CLANG_ENABLE_OBJC_WEAK = YES;
				CLANG_WARN_BLOCK_CAPTURE_AUTORELEASING = YES;
				CLANG_WARN_BOOL_CONVERSION = YES;
				CLANG_WARN_COMMA = YES;
				CLANG_WARN_CONSTANT_CONVERSION = YES;
				CLANG_WARN_DEPRECATED_OBJC_IMPLEMENTATIONS = YES;
				CLANG_WARN_DIRECT_OBJC_ISA_USAGE = YES_ERROR;
				CLANG_WARN_DOCUMENTATION_COMMENTS = YES;
				CLANG_WARN_EMPTY_BODY = YES;
				CLANG_WARN_ENUM_CONVERSION = YES;
				CLANG_WARN_INFINITE_RECURSION = YES;
				CLANG_WARN_INT_CONVERSION = YES;
				CLANG_WARN_NON_LITERAL_NULL_CONVERSION = YES;
				CLANG_WARN_OBJC_IMPLICIT_RETAIN_SELF = YES;
				CLANG_WARN_OBJC_LITERAL_CONVERSION = YES;
				CLANG_WARN_OBJC_ROOT_CLASS = YES_ERROR;
				CLANG_WARN_RANGE_LOOP_ANALYSIS = YES;
				CLANG_WARN_STRICT_PROTOTYPES = YES;
				CLANG_WARN_SUSPICIOUS_MOVE = YES;
				CLANG_WARN_UNGUARDED_AVAILABILITY = YES_AGGRESSIVE;
				CLANG_WARN_UNREACHABLE_CODE = YES;
				CLANG_WARN__DUPLICATE_METHOD_MATCH = YES;
				COPY_PHASE_STRIP = NO;
				DEBUG_INFORMATION_FORMAT = dwarf;
				ENABLE_STRICT_OBJC_MSGSEND = YES;
				ENABLE_TESTABILITY = YES;
				GCC_C_LANGUAGE_STANDARD = gnu11;
				GCC_DYNAMIC_NO_PIC = NO;
				GCC_NO_COMMON_BLOCKS = YES;
				GCC_OPTIMIZATION_LEVEL = 0;
				GCC_PREPROCESSOR_DEFINITIONS = (
					"DEBUG=1",
					"$(inherited)",
				);
				GCC_WARN_64_TO_32_BIT_CONVERSION = YES;
				GCC_WARN_ABOUT_RETURN_TYPE = YES_ERROR;
				GCC_WARN_UNDECLARED_SELECTOR = YES;
				GCC_WARN_UNINITIALIZED_AUTOS = YES_AGGRESSIVE;
				GCC_WARN_UNUSED_FUNCTION = YES;
				GCC_WARN_UNUSED_VARIABLE = YES;
				IPHONEOS_DEPLOYMENT_TARGET = 13.2;
				MTL_ENABLE_DEBUG_INFO = INCLUDE_SOURCE;
				MTL_FAST_MATH = YES;
				ONLY_ACTIVE_ARCH = YES;
				SDKROOT = iphoneos;
				SWIFT_ACTIVE_COMPILATION_CONDITIONS = DEBUG;
				SWIFT_OPTIMIZATION_LEVEL = "-Onone";
			};
			name = Debug;
		};
		A1D52505240D86B1002FB8E0 /* Release */ = {
			isa = XCBuildConfiguration;
			buildSettings = {
				ALWAYS_SEARCH_USER_PATHS = NO;
				CLANG_ANALYZER_NONNULL = YES;
				CLANG_ANALYZER_NUMBER_OBJECT_CONVERSION = YES_AGGRESSIVE;
				CLANG_CXX_LANGUAGE_STANDARD = "gnu++14";
				CLANG_CXX_LIBRARY = "libc++";
				CLANG_ENABLE_MODULES = YES;
				CLANG_ENABLE_OBJC_ARC = YES;
				CLANG_ENABLE_OBJC_WEAK = YES;
				CLANG_WARN_BLOCK_CAPTURE_AUTORELEASING = YES;
				CLANG_WARN_BOOL_CONVERSION = YES;
				CLANG_WARN_COMMA = YES;
				CLANG_WARN_CONSTANT_CONVERSION = YES;
				CLANG_WARN_DEPRECATED_OBJC_IMPLEMENTATIONS = YES;
				CLANG_WARN_DIRECT_OBJC_ISA_USAGE = YES_ERROR;
				CLANG_WARN_DOCUMENTATION_COMMENTS = YES;
				CLANG_WARN_EMPTY_BODY = YES;
				CLANG_WARN_ENUM_CONVERSION = YES;
				CLANG_WARN_INFINITE_RECURSION = YES;
				CLANG_WARN_INT_CONVERSION = YES;
				CLANG_WARN_NON_LITERAL_NULL_CONVERSION = YES;
				CLANG_WARN_OBJC_IMPLICIT_RETAIN_SELF = YES;
				CLANG_WARN_OBJC_LITERAL_CONVERSION = YES;
				CLANG_WARN_OBJC_ROOT_CLASS = YES_ERROR;
				CLANG_WARN_RANGE_LOOP_ANALYSIS = YES;
				CLANG_WARN_STRICT_PROTOTYPES = YES;
				CLANG_WARN_SUSPICIOUS_MOVE = YES;
				CLANG_WARN_UNGUARDED_AVAILABILITY = YES_AGGRESSIVE;
				CLANG_WARN_UNREACHABLE_CODE = YES;
				CLANG_WARN__DUPLICATE_METHOD_MATCH = YES;
				COPY_PHASE_STRIP = NO;
				DEBUG_INFORMATION_FORMAT = "dwarf-with-dsym";
				ENABLE_NS_ASSERTIONS = NO;
				ENABLE_STRICT_OBJC_MSGSEND = YES;
				GCC_C_LANGUAGE_STANDARD = gnu11;
				GCC_NO_COMMON_BLOCKS = YES;
				GCC_WARN_64_TO_32_BIT_CONVERSION = YES;
				GCC_WARN_ABOUT_RETURN_TYPE = YES_ERROR;
				GCC_WARN_UNDECLARED_SELECTOR = YES;
				GCC_WARN_UNINITIALIZED_AUTOS = YES_AGGRESSIVE;
				GCC_WARN_UNUSED_FUNCTION = YES;
				GCC_WARN_UNUSED_VARIABLE = YES;
				IPHONEOS_DEPLOYMENT_TARGET = 13.2;
				MTL_ENABLE_DEBUG_INFO = NO;
				MTL_FAST_MATH = YES;
				SDKROOT = iphoneos;
				SWIFT_COMPILATION_MODE = wholemodule;
				SWIFT_OPTIMIZATION_LEVEL = "-O";
				VALIDATE_PRODUCT = YES;
			};
			name = Release;
		};
		A1D52507240D86B1002FB8E0 /* Debug */ = {
			isa = XCBuildConfiguration;
			buildSettings = {
				ASSETCATALOG_COMPILER_APPICON_NAME = AppIcon;
				CODE_SIGN_STYLE = Automatic;
				DEVELOPMENT_ASSET_PATHS = "\"Report-SwiftUI/Preview Content\"";
				ENABLE_PREVIEWS = YES;
				INFOPLIST_FILE = "Report-SwiftUI/Info.plist";
				LD_RUNPATH_SEARCH_PATHS = (
					"$(inherited)",
					"@executable_path/Frameworks",
				);
				PRODUCT_BUNDLE_IDENTIFIER = "devsloop.Report-SwiftUI";
				PRODUCT_NAME = "$(TARGET_NAME)";
				SWIFT_VERSION = 5.0;
				TARGETED_DEVICE_FAMILY = "1,2";
			};
			name = Debug;
		};
		A1D52508240D86B1002FB8E0 /* Release */ = {
			isa = XCBuildConfiguration;
			buildSettings = {
				ASSETCATALOG_COMPILER_APPICON_NAME = AppIcon;
				CODE_SIGN_STYLE = Automatic;
				DEVELOPMENT_ASSET_PATHS = "\"Report-SwiftUI/Preview Content\"";
				ENABLE_PREVIEWS = YES;
				INFOPLIST_FILE = "Report-SwiftUI/Info.plist";
				LD_RUNPATH_SEARCH_PATHS = (
					"$(inherited)",
					"@executable_path/Frameworks",
				);
				PRODUCT_BUNDLE_IDENTIFIER = "devsloop.Report-SwiftUI";
				PRODUCT_NAME = "$(TARGET_NAME)";
				SWIFT_VERSION = 5.0;
				TARGETED_DEVICE_FAMILY = "1,2";
			};
			name = Release;
		};
/* End XCBuildConfiguration section */

/* Begin XCConfigurationList section */
		A1D524ED240D86AD002FB8E0 /* Build configuration list for PBXProject "Report-SwiftUI" */ = {
			isa = XCConfigurationList;
			buildConfigurations = (
				A1D52504240D86B1002FB8E0 /* Debug */,
				A1D52505240D86B1002FB8E0 /* Release */,
			);
			defaultConfigurationIsVisible = 0;
			defaultConfigurationName = Release;
		};
		A1D52506240D86B1002FB8E0 /* Build configuration list for PBXNativeTarget "Report-SwiftUI" */ = {
			isa = XCConfigurationList;
			buildConfigurations = (
				A1D52507240D86B1002FB8E0 /* Debug */,
				A1D52508240D86B1002FB8E0 /* Release */,
			);
			defaultConfigurationIsVisible = 0;
			defaultConfigurationName = Release;
		};
/* End XCConfigurationList section */
	};
	rootObject = A1D524EA240D86AD002FB8E0 /* Project object */;
}
