// !$*UTF8*$!
{
	archiveVersion = 1;
	classes = {
	};
	objectVersion = 50;
	objects = {

/* Begin PBXBuildFile section */
		0273886949CB14D184E2ECF8 /* Pods_ChatMessage_SwiftUI.framework in Frameworks */ = {isa = PBXBuildFile; fileRef = 22B6704932F77085872366AD /* Pods_ChatMessage_SwiftUI.framework */; };
		A1515F08235CE02E009744B9 /* AppDelegate.swift in Sources */ = {isa = PBXBuildFile; fileRef = A1515F07235CE02E009744B9 /* AppDelegate.swift */; };
		A1515F0A235CE02E009744B9 /* SceneDelegate.swift in Sources */ = {isa = PBXBuildFile; fileRef = A1515F09235CE02E009744B9 /* SceneDelegate.swift */; };
		A1515F0C235CE02E009744B9 /* ContentView.swift in Sources */ = {isa = PBXBuildFile; fileRef = A1515F0B235CE02E009744B9 /* ContentView.swift */; };
		A1515F0E235CE073009744B9 /* Assets.xcassets in Resources */ = {isa = PBXBuildFile; fileRef = A1515F0D235CE073009744B9 /* Assets.xcassets */; };
		A1515F11235CE073009744B9 /* Preview Assets.xcassets in Resources */ = {isa = PBXBuildFile; fileRef = A1515F10235CE073009744B9 /* Preview Assets.xcassets */; };
		A1515F14235CE073009744B9 /* LaunchScreen.storyboard in Resources */ = {isa = PBXBuildFile; fileRef = A1515F12235CE073009744B9 /* LaunchScreen.storyboard */; };
		A1515F1C235CE259009744B9 /* GoogleService-Info.plist in Resources */ = {isa = PBXBuildFile; fileRef = A1515F1B235CE259009744B9 /* GoogleService-Info.plist */; };
/* End PBXBuildFile section */

/* Begin PBXFileReference section */
		22B6704932F77085872366AD /* Pods_ChatMessage_SwiftUI.framework */ = {isa = PBXFileReference; explicitFileType = wrapper.framework; includeInIndex = 0; path = Pods_ChatMessage_SwiftUI.framework; sourceTree = BUILT_PRODUCTS_DIR; };
		A1515F04235CE02D009744B9 /* ChatMessage-SwiftUI.app */ = {isa = PBXFileReference; explicitFileType = wrapper.application; includeInIndex = 0; path = "ChatMessage-SwiftUI.app"; sourceTree = BUILT_PRODUCTS_DIR; };
		A1515F07235CE02E009744B9 /* AppDelegate.swift */ = {isa = PBXFileReference; lastKnownFileType = sourcecode.swift; path = AppDelegate.swift; sourceTree = "<group>"; };
		A1515F09235CE02E009744B9 /* SceneDelegate.swift */ = {isa = PBXFileReference; lastKnownFileType = sourcecode.swift; path = SceneDelegate.swift; sourceTree = "<group>"; };
		A1515F0B235CE02E009744B9 /* ContentView.swift */ = {isa = PBXFileReference; lastKnownFileType = sourcecode.swift; path = ContentView.swift; sourceTree = "<group>"; };
		A1515F0D235CE073009744B9 /* Assets.xcassets */ = {isa = PBXFileReference; lastKnownFileType = folder.assetcatalog; path = Assets.xcassets; sourceTree = "<group>"; };
		A1515F10235CE073009744B9 /* Preview Assets.xcassets */ = {isa = PBXFileReference; lastKnownFileType = folder.assetcatalog; path = "Preview Assets.xcassets"; sourceTree = "<group>"; };
		A1515F13235CE073009744B9 /* Base */ = {isa = PBXFileReference; lastKnownFileType = file.storyboard; name = Base; path = Base.lproj/LaunchScreen.storyboard; sourceTree = "<group>"; };
		A1515F15235CE073009744B9 /* Info.plist */ = {isa = PBXFileReference; lastKnownFileType = text.plist.xml; path = Info.plist; sourceTree = "<group>"; };
		A1515F1B235CE259009744B9 /* GoogleService-Info.plist */ = {isa = PBXFileReference; fileEncoding = 4; lastKnownFileType = text.plist.xml; path = "GoogleService-Info.plist"; sourceTree = "<group>"; };
		DD8FA5D6437B3D1CEE4182A6 /* Pods-ChatMessage-SwiftUI.release.xcconfig */ = {isa = PBXFileReference; includeInIndex = 1; lastKnownFileType = text.xcconfig; name = "Pods-ChatMessage-SwiftUI.release.xcconfig"; path = "Target Support Files/Pods-ChatMessage-SwiftUI/Pods-ChatMessage-SwiftUI.release.xcconfig"; sourceTree = "<group>"; };
		E0FB46157F920D1AD47808D9 /* Pods-ChatMessage-SwiftUI.debug.xcconfig */ = {isa = PBXFileReference; includeInIndex = 1; lastKnownFileType = text.xcconfig; name = "Pods-ChatMessage-SwiftUI.debug.xcconfig"; path = "Target Support Files/Pods-ChatMessage-SwiftUI/Pods-ChatMessage-SwiftUI.debug.xcconfig"; sourceTree = "<group>"; };
/* End PBXFileReference section */

/* Begin PBXFrameworksBuildPhase section */
		A1515F01235CE02D009744B9 /* Frameworks */ = {
			isa = PBXFrameworksBuildPhase;
			buildActionMask = 2147483647;
			files = (
				0273886949CB14D184E2ECF8 /* Pods_ChatMessage_SwiftUI.framework in Frameworks */,
			);
			runOnlyForDeploymentPostprocessing = 0;
		};
/* End PBXFrameworksBuildPhase section */

/* Begin PBXGroup section */
		52F6874B2545F4C9032E828F /* Frameworks */ = {
			isa = PBXGroup;
			children = (
				22B6704932F77085872366AD /* Pods_ChatMessage_SwiftUI.framework */,
			);
			name = Frameworks;
			sourceTree = "<group>";
		};
		A1515EFB235CE02D009744B9 = {
			isa = PBXGroup;
			children = (
				A1515F06235CE02D009744B9 /* ChatMessage-SwiftUI */,
				A1515F05235CE02D009744B9 /* Products */,
				F37914AD67EFFF13541EC7DE /* Pods */,
				52F6874B2545F4C9032E828F /* Frameworks */,
			);
			sourceTree = "<group>";
		};
		A1515F05235CE02D009744B9 /* Products */ = {
			isa = PBXGroup;
			children = (
				A1515F04235CE02D009744B9 /* ChatMessage-SwiftUI.app */,
			);
			name = Products;
			sourceTree = "<group>";
		};
		A1515F06235CE02D009744B9 /* ChatMessage-SwiftUI */ = {
			isa = PBXGroup;
			children = (
				A1515F1B235CE259009744B9 /* GoogleService-Info.plist */,
				A1515F07235CE02E009744B9 /* AppDelegate.swift */,
				A1515F09235CE02E009744B9 /* SceneDelegate.swift */,
				A1515F0B235CE02E009744B9 /* ContentView.swift */,
				A1515F0D235CE073009744B9 /* Assets.xcassets */,
				A1515F12235CE073009744B9 /* LaunchScreen.storyboard */,
				A1515F15235CE073009744B9 /* Info.plist */,
				A1515F0F235CE073009744B9 /* Preview Content */,
			);
			path = "ChatMessage-SwiftUI";
			sourceTree = "<group>";
		};
		A1515F0F235CE073009744B9 /* Preview Content */ = {
			isa = PBXGroup;
			children = (
				A1515F10235CE073009744B9 /* Preview Assets.xcassets */,
			);
			path = "Preview Content";
			sourceTree = "<group>";
		};
		F37914AD67EFFF13541EC7DE /* Pods */ = {
			isa = PBXGroup;
			children = (
				E0FB46157F920D1AD47808D9 /* Pods-ChatMessage-SwiftUI.debug.xcconfig */,
				DD8FA5D6437B3D1CEE4182A6 /* Pods-ChatMessage-SwiftUI.release.xcconfig */,
			);
			name = Pods;
			path = Pods;
			sourceTree = "<group>";
		};
/* End PBXGroup section */

/* Begin PBXNativeTarget section */
		A1515F03235CE02D009744B9 /* ChatMessage-SwiftUI */ = {
			isa = PBXNativeTarget;
			buildConfigurationList = A1515F18235CE073009744B9 /* Build configuration list for PBXNativeTarget "ChatMessage-SwiftUI" */;
			buildPhases = (
				6434A69F5D3FEFD0A961B6DA /* [CP] Check Pods Manifest.lock */,
				A1515F00235CE02D009744B9 /* Sources */,
				A1515F01235CE02D009744B9 /* Frameworks */,
				A1515F02235CE02D009744B9 /* Resources */,
				A30BACB1DEA8FF076C04B70C /* [CP] Embed Pods Frameworks */,
			);
			buildRules = (
			);
			dependencies = (
			);
			name = "ChatMessage-SwiftUI";
			productName = "ChatMessage-SwiftUI";
			productReference = A1515F04235CE02D009744B9 /* ChatMessage-SwiftUI.app */;
			productType = "com.apple.product-type.application";
		};
/* End PBXNativeTarget section */

/* Begin PBXProject section */
		A1515EFC235CE02D009744B9 /* Project object */ = {
			isa = PBXProject;
			attributes = {
				LastSwiftUpdateCheck = 1110;
				LastUpgradeCheck = 1110;
				ORGANIZATIONNAME = sinbad;
				TargetAttributes = {
					A1515F03235CE02D009744B9 = {
						CreatedOnToolsVersion = 11.1;
					};
				};
			};
			buildConfigurationList = A1515EFF235CE02D009744B9 /* Build configuration list for PBXProject "ChatMessage-SwiftUI" */;
			compatibilityVersion = "Xcode 9.3";
			developmentRegion = en;
			hasScannedForEncodings = 0;
			knownRegions = (
				en,
				Base,
			);
			mainGroup = A1515EFB235CE02D009744B9;
			productRefGroup = A1515F05235CE02D009744B9 /* Products */;
			projectDirPath = "";
			projectRoot = "";
			targets = (
				A1515F03235CE02D009744B9 /* ChatMessage-SwiftUI */,
			);
		};
/* End PBXProject section */

/* Begin PBXResourcesBuildPhase section */
		A1515F02235CE02D009744B9 /* Resources */ = {
			isa = PBXResourcesBuildPhase;
			buildActionMask = 2147483647;
			files = (
				A1515F14235CE073009744B9 /* LaunchScreen.storyboard in Resources */,
				A1515F1C235CE259009744B9 /* GoogleService-Info.plist in Resources */,
				A1515F11235CE073009744B9 /* Preview Assets.xcassets in Resources */,
				A1515F0E235CE073009744B9 /* Assets.xcassets in Resources */,
			);
			runOnlyForDeploymentPostprocessing = 0;
		};
/* End PBXResourcesBuildPhase section */

/* Begin PBXShellScriptBuildPhase section */
		6434A69F5D3FEFD0A961B6DA /* [CP] Check Pods Manifest.lock */ = {
			isa = PBXShellScriptBuildPhase;
			buildActionMask = 2147483647;
			files = (
			);
			inputFileListPaths = (
			);
			inputPaths = (
				"${PODS_PODFILE_DIR_PATH}/Podfile.lock",
				"${PODS_ROOT}/Manifest.lock",
			);
			name = "[CP] Check Pods Manifest.lock";
			outputFileListPaths = (
			);
			outputPaths = (
				"$(DERIVED_FILE_DIR)/Pods-ChatMessage-SwiftUI-checkManifestLockResult.txt",
			);
			runOnlyForDeploymentPostprocessing = 0;
			shellPath = /bin/sh;
			shellScript = "diff \"${PODS_PODFILE_DIR_PATH}/Podfile.lock\" \"${PODS_ROOT}/Manifest.lock\" > /dev/null\nif [ $? != 0 ] ; then\n    # print error to STDERR\n    echo \"error: The sandbox is not in sync with the Podfile.lock. Run 'pod install' or update your CocoaPods installation.\" >&2\n    exit 1\nfi\n# This output is used by Xcode 'outputs' to avoid re-running this script phase.\necho \"SUCCESS\" > \"${SCRIPT_OUTPUT_FILE_0}\"\n";
			showEnvVarsInLog = 0;
		};
		A30BACB1DEA8FF076C04B70C /* [CP] Embed Pods Frameworks */ = {
			isa = PBXShellScriptBuildPhase;
			buildActionMask = 2147483647;
			files = (
			);
			inputFileListPaths = (
				"${PODS_ROOT}/Target Support Files/Pods-ChatMessage-SwiftUI/Pods-ChatMessage-SwiftUI-frameworks-${CONFIGURATION}-input-files.xcfilelist",
			);
			name = "[CP] Embed Pods Frameworks";
			outputFileListPaths = (
				"${PODS_ROOT}/Target Support Files/Pods-ChatMessage-SwiftUI/Pods-ChatMessage-SwiftUI-frameworks-${CONFIGURATION}-output-files.xcfilelist",
			);
			runOnlyForDeploymentPostprocessing = 0;
			shellPath = /bin/sh;
			shellScript = "\"${PODS_ROOT}/Target Support Files/Pods-ChatMessage-SwiftUI/Pods-ChatMessage-SwiftUI-frameworks.sh\"\n";
			showEnvVarsInLog = 0;
		};
/* End PBXShellScriptBuildPhase section */

/* Begin PBXSourcesBuildPhase section */
		A1515F00235CE02D009744B9 /* Sources */ = {
			isa = PBXSourcesBuildPhase;
			buildActionMask = 2147483647;
			files = (
				A1515F08235CE02E009744B9 /* AppDelegate.swift in Sources */,
				A1515F0A235CE02E009744B9 /* SceneDelegate.swift in Sources */,
				A1515F0C235CE02E009744B9 /* ContentView.swift in Sources */,
			);
			runOnlyForDeploymentPostprocessing = 0;
		};
/* End PBXSourcesBuildPhase section */

/* Begin PBXVariantGroup section */
		A1515F12235CE073009744B9 /* LaunchScreen.storyboard */ = {
			isa = PBXVariantGroup;
			children = (
				A1515F13235CE073009744B9 /* Base */,
			);
			name = LaunchScreen.storyboard;
			sourceTree = "<group>";
		};
/* End PBXVariantGroup section */

/* Begin XCBuildConfiguration section */
		A1515F16235CE073009744B9 /* Debug */ = {
			isa = XCBuildConfiguration;
			buildSettings = {
				ALWAYS_SEARCH_USER_PATHS = NO;
				CLANG_ANALYZER_NONNULL = YES;
				CLANG_ANALYZER_NUMBER_OBJECT_CONVERSION = YES_AGGRESSIVE;
				CLANG_CXX_LANGUAGE_STANDARD = "gnu++14";
				CLANG_CXX_LIBRARY = "libc++";
				CLANG_ENABLE_MODULES = YES;
				CLANG_ENABLE_OBJC_ARC = YES;
				CLANG_ENABLE_OBJC_WEAK = YES;
				CLANG_WARN_BLOCK_CAPTURE_AUTORELEASING = YES;
				CLANG_WARN_BOOL_CONVERSION = YES;
				CLANG_WARN_COMMA = YES;
				CLANG_WARN_CONSTANT_CONVERSION = YES;
				CLANG_WARN_DEPRECATED_OBJC_IMPLEMENTATIONS = YES;
				CLANG_WARN_DIRECT_OBJC_ISA_USAGE = YES_ERROR;
				CLANG_WARN_DOCUMENTATION_COMMENTS = YES;
				CLANG_WARN_EMPTY_BODY = YES;
				CLANG_WARN_ENUM_CONVERSION = YES;
				CLANG_WARN_INFINITE_RECURSION = YES;
				CLANG_WARN_INT_CONVERSION = YES;
				CLANG_WARN_NON_LITERAL_NULL_CONVERSION = YES;
				CLANG_WARN_OBJC_IMPLICIT_RETAIN_SELF = YES;
				CLANG_WARN_OBJC_LITERAL_CONVERSION = YES;
				CLANG_WARN_OBJC_ROOT_CLASS = YES_ERROR;
				CLANG_WARN_RANGE_LOOP_ANALYSIS = YES;
				CLANG_WARN_STRICT_PROTOTYPES = YES;
				CLANG_WARN_SUSPICIOUS_MOVE = YES;
				CLANG_WARN_UNGUARDED_AVAILABILITY = YES_AGGRESSIVE;
				CLANG_WARN_UNREACHABLE_CODE = YES;
				CLANG_WARN__DUPLICATE_METHOD_MATCH = YES;
				COPY_PHASE_STRIP = NO;
				DEBUG_INFORMATION_FORMAT = dwarf;
				ENABLE_STRICT_OBJC_MSGSEND = YES;
				ENABLE_TESTABILITY = YES;
				GCC_C_LANGUAGE_STANDARD = gnu11;
				GCC_DYNAMIC_NO_PIC = NO;
				GCC_NO_COMMON_BLOCKS = YES;
				GCC_OPTIMIZATION_LEVEL = 0;
				GCC_PREPROCESSOR_DEFINITIONS = (
					"DEBUG=1",
					"$(inherited)",
				);
				GCC_WARN_64_TO_32_BIT_CONVERSION = YES;
				GCC_WARN_ABOUT_RETURN_TYPE = YES_ERROR;
				GCC_WARN_UNDECLARED_SELECTOR = YES;
				GCC_WARN_UNINITIALIZED_AUTOS = YES_AGGRESSIVE;
				GCC_WARN_UNUSED_FUNCTION = YES;
				GCC_WARN_UNUSED_VARIABLE = YES;
				IPHONEOS_DEPLOYMENT_TARGET = 13.1;
				MTL_ENABLE_DEBUG_INFO = INCLUDE_SOURCE;
				MTL_FAST_MATH = YES;
				ONLY_ACTIVE_ARCH = YES;
				SDKROOT = iphoneos;
				SWIFT_ACTIVE_COMPILATION_CONDITIONS = DEBUG;
				SWIFT_OPTIMIZATION_LEVEL = "-Onone";
			};
			name = Debug;
		};
		A1515F17235CE073009744B9 /* Release */ = {
			isa = XCBuildConfiguration;
			buildSettings = {
				ALWAYS_SEARCH_USER_PATHS = NO;
				CLANG_ANALYZER_NONNULL = YES;
				CLANG_ANALYZER_NUMBER_OBJECT_CONVERSION = YES_AGGRESSIVE;
				CLANG_CXX_LANGUAGE_STANDARD = "gnu++14";
				CLANG_CXX_LIBRARY = "libc++";
				CLANG_ENABLE_MODULES = YES;
				CLANG_ENABLE_OBJC_ARC = YES;
				CLANG_ENABLE_OBJC_WEAK = YES;
				CLANG_WARN_BLOCK_CAPTURE_AUTORELEASING = YES;
				CLANG_WARN_BOOL_CONVERSION = YES;
				CLANG_WARN_COMMA = YES;
				CLANG_WARN_CONSTANT_CONVERSION = YES;
				CLANG_WARN_DEPRECATED_OBJC_IMPLEMENTATIONS = YES;
				CLANG_WARN_DIRECT_OBJC_ISA_USAGE = YES_ERROR;
				CLANG_WARN_DOCUMENTATION_COMMENTS = YES;
				CLANG_WARN_EMPTY_BODY = YES;
				CLANG_WARN_ENUM_CONVERSION = YES;
				CLANG_WARN_INFINITE_RECURSION = YES;
				CLANG_WARN_INT_CONVERSION = YES;
				CLANG_WARN_NON_LITERAL_NULL_CONVERSION = YES;
				CLANG_WARN_OBJC_IMPLICIT_RETAIN_SELF = YES;
				CLANG_WARN_OBJC_LITERAL_CONVERSION = YES;
				CLANG_WARN_OBJC_ROOT_CLASS = YES_ERROR;
				CLANG_WARN_RANGE_LOOP_ANALYSIS = YES;
				CLANG_WARN_STRICT_PROTOTYPES = YES;
				CLANG_WARN_SUSPICIOUS_MOVE = YES;
				CLANG_WARN_UNGUARDED_AVAILABILITY = YES_AGGRESSIVE;
				CLANG_WARN_UNREACHABLE_CODE = YES;
				CLANG_WARN__DUPLICATE_METHOD_MATCH = YES;
				COPY_PHASE_STRIP = NO;
				DEBUG_INFORMATION_FORMAT = "dwarf-with-dsym";
				ENABLE_NS_ASSERTIONS = NO;
				ENABLE_STRICT_OBJC_MSGSEND = YES;
				GCC_C_LANGUAGE_STANDARD = gnu11;
				GCC_NO_COMMON_BLOCKS = YES;
				GCC_WARN_64_TO_32_BIT_CONVERSION = YES;
				GCC_WARN_ABOUT_RETURN_TYPE = YES_ERROR;
				GCC_WARN_UNDECLARED_SELECTOR = YES;
				GCC_WARN_UNINITIALIZED_AUTOS = YES_AGGRESSIVE;
				GCC_WARN_UNUSED_FUNCTION = YES;
				GCC_WARN_UNUSED_VARIABLE = YES;
				IPHONEOS_DEPLOYMENT_TARGET = 13.1;
				MTL_ENABLE_DEBUG_INFO = NO;
				MTL_FAST_MATH = YES;
				SDKROOT = iphoneos;
				SWIFT_COMPILATION_MODE = wholemodule;
				SWIFT_OPTIMIZATION_LEVEL = "-O";
				VALIDATE_PRODUCT = YES;
			};
			name = Release;
		};
		A1515F19235CE073009744B9 /* Debug */ = {
			isa = XCBuildConfiguration;
			baseConfigurationReference = E0FB46157F920D1AD47808D9 /* Pods-ChatMessage-SwiftUI.debug.xcconfig */;
			buildSettings = {
				ASSETCATALOG_COMPILER_APPICON_NAME = AppIcon;
				CODE_SIGN_STYLE = Automatic;
				DEVELOPMENT_ASSET_PATHS = "\"ChatMessage-SwiftUI/Preview Content\"";
				ENABLE_PREVIEWS = YES;
				INFOPLIST_FILE = "ChatMessage-SwiftUI/Info.plist";
				LD_RUNPATH_SEARCH_PATHS = (
					"$(inherited)",
					"@executable_path/Frameworks",
				);
				PRODUCT_BUNDLE_IDENTIFIER = "com.devsloop.ChatMessage-SwiftUI";
				PRODUCT_NAME = "$(TARGET_NAME)";
				SWIFT_VERSION = 5.0;
				TARGETED_DEVICE_FAMILY = "1,2";
			};
			name = Debug;
		};
		A1515F1A235CE073009744B9 /* Release */ = {
			isa = XCBuildConfiguration;
			baseConfigurationReference = DD8FA5D6437B3D1CEE4182A6 /* Pods-ChatMessage-SwiftUI.release.xcconfig */;
			buildSettings = {
				ASSETCATALOG_COMPILER_APPICON_NAME = AppIcon;
				CODE_SIGN_STYLE = Automatic;
				DEVELOPMENT_ASSET_PATHS = "\"ChatMessage-SwiftUI/Preview Content\"";
				ENABLE_PREVIEWS = YES;
				INFOPLIST_FILE = "ChatMessage-SwiftUI/Info.plist";
				LD_RUNPATH_SEARCH_PATHS = (
					"$(inherited)",
					"@executable_path/Frameworks",
				);
				PRODUCT_BUNDLE_IDENTIFIER = "com.devsloop.ChatMessage-SwiftUI";
				PRODUCT_NAME = "$(TARGET_NAME)";
				SWIFT_VERSION = 5.0;
				TARGETED_DEVICE_FAMILY = "1,2";
			};
			name = Release;
		};
/* End XCBuildConfiguration section */

/* Begin XCConfigurationList section */
		A1515EFF235CE02D009744B9 /* Build configuration list for PBXProject "ChatMessage-SwiftUI" */ = {
			isa = XCConfigurationList;
			buildConfigurations = (
				A1515F16235CE073009744B9 /* Debug */,
				A1515F17235CE073009744B9 /* Release */,
			);
			defaultConfigurationIsVisible = 0;
			defaultConfigurationName = Release;
		};
		A1515F18235CE073009744B9 /* Build configuration list for PBXNativeTarget "ChatMessage-SwiftUI" */ = {
			isa = XCConfigurationList;
			buildConfigurations = (
				A1515F19235CE073009744B9 /* Debug */,
				A1515F1A235CE073009744B9 /* Release */,
			);
			defaultConfigurationIsVisible = 0;
			defaultConfigurationName = Release;
		};
/* End XCConfigurationList section */
	};
	rootObject = A1515EFC235CE02D009744B9 /* Project object */;
}
