// !$*UTF8*$!
{
	archiveVersion = 1;
	classes = {
	};
	objectVersion = 50;
	objects = {

/* Begin PBXBuildFile section */
		1DCB071823699388007D8808 /* AppDelegate.swift in Sources */ = {isa = PBXBuildFile; fileRef = 1DCB071723699388007D8808 /* AppDelegate.swift */; };
		1DCB071C23699388007D8808 /* Actions.sks in Resources */ = {isa = PBXBuildFile; fileRef = 1DCB071B23699388007D8808 /* Actions.sks */; };
		1DCB071E23699388007D8808 /* GameScene.swift in Sources */ = {isa = PBXBuildFile; fileRef = 1DCB071D23699388007D8808 /* GameScene.swift */; };
		1DCB072023699388007D8808 /* GameViewController.swift in Sources */ = {isa = PBXBuildFile; fileRef = 1DCB071F23699388007D8808 /* GameViewController.swift */; };
		1DCB072323699388007D8808 /* Main.storyboard in Resources */ = {isa = PBXBuildFile; fileRef = 1DCB072123699388007D8808 /* Main.storyboard */; };
		1DCB07252369938F007D8808 /* Assets.xcassets in Resources */ = {isa = PBXBuildFile; fileRef = 1DCB07242369938F007D8808 /* Assets.xcassets */; };
		1DCB07282369938F007D8808 /* LaunchScreen.storyboard in Resources */ = {isa = PBXBuildFile; fileRef = 1DCB07262369938F007D8808 /* LaunchScreen.storyboard */; };
		1DCB073B23699835007D8808 /* sprites.atlas in Resources */ = {isa = PBXBuildFile; fileRef = 1DCB073823699831007D8808 /* sprites.atlas */; };
		1DCB073C23699835007D8808 /* Images in Resources */ = {isa = PBXBuildFile; fileRef = 1DCB073923699834007D8808 /* Images */; };
		1DCB073D23699835007D8808 /* Sounds in Resources */ = {isa = PBXBuildFile; fileRef = 1DCB073A23699835007D8808 /* Sounds */; };
/* End PBXBuildFile section */

/* Begin PBXFileReference section */
		1DCB071423699388007D8808 /* ZombiBoss.app */ = {isa = PBXFileReference; explicitFileType = wrapper.application; includeInIndex = 0; path = ZombiBoss.app; sourceTree = BUILT_PRODUCTS_DIR; };
		1DCB071723699388007D8808 /* AppDelegate.swift */ = {isa = PBXFileReference; lastKnownFileType = sourcecode.swift; path = AppDelegate.swift; sourceTree = "<group>"; };
		1DCB071B23699388007D8808 /* Actions.sks */ = {isa = PBXFileReference; lastKnownFileType = file.sks; path = Actions.sks; sourceTree = "<group>"; };
		1DCB071D23699388007D8808 /* GameScene.swift */ = {isa = PBXFileReference; lastKnownFileType = sourcecode.swift; path = GameScene.swift; sourceTree = "<group>"; };
		1DCB071F23699388007D8808 /* GameViewController.swift */ = {isa = PBXFileReference; lastKnownFileType = sourcecode.swift; path = GameViewController.swift; sourceTree = "<group>"; };
		1DCB072223699388007D8808 /* Base */ = {isa = PBXFileReference; lastKnownFileType = file.storyboard; name = Base; path = Base.lproj/Main.storyboard; sourceTree = "<group>"; };
		1DCB07242369938F007D8808 /* Assets.xcassets */ = {isa = PBXFileReference; lastKnownFileType = folder.assetcatalog; path = Assets.xcassets; sourceTree = "<group>"; };
		1DCB07272369938F007D8808 /* Base */ = {isa = PBXFileReference; lastKnownFileType = file.storyboard; name = Base; path = Base.lproj/LaunchScreen.storyboard; sourceTree = "<group>"; };
		1DCB07292369938F007D8808 /* Info.plist */ = {isa = PBXFileReference; lastKnownFileType = text.plist.xml; path = Info.plist; sourceTree = "<group>"; };
		1DCB073823699831007D8808 /* sprites.atlas */ = {isa = PBXFileReference; lastKnownFileType = folder.skatlas; path = sprites.atlas; sourceTree = "<group>"; };
		1DCB073923699834007D8808 /* Images */ = {isa = PBXFileReference; lastKnownFileType = folder; path = Images; sourceTree = "<group>"; };
		1DCB073A23699835007D8808 /* Sounds */ = {isa = PBXFileReference; lastKnownFileType = folder; path = Sounds; sourceTree = "<group>"; };
/* End PBXFileReference section */

/* Begin PBXFrameworksBuildPhase section */
		1DCB071123699388007D8808 /* Frameworks */ = {
			isa = PBXFrameworksBuildPhase;
			buildActionMask = 2147483647;
			files = (
			);
			runOnlyForDeploymentPostprocessing = 0;
		};
/* End PBXFrameworksBuildPhase section */

/* Begin PBXGroup section */
		1DCB070B23699387007D8808 = {
			isa = PBXGroup;
			children = (
				1DCB071623699388007D8808 /* ZombiBoss */,
				1DCB071523699388007D8808 /* Products */,
			);
			sourceTree = "<group>";
		};
		1DCB071523699388007D8808 /* Products */ = {
			isa = PBXGroup;
			children = (
				1DCB071423699388007D8808 /* ZombiBoss.app */,
			);
			name = Products;
			sourceTree = "<group>";
		};
		1DCB071623699388007D8808 /* ZombiBoss */ = {
			isa = PBXGroup;
			children = (
				1DCB073923699834007D8808 /* Images */,
				1DCB073A23699835007D8808 /* Sounds */,
				1DCB073823699831007D8808 /* sprites.atlas */,
				1DCB071723699388007D8808 /* AppDelegate.swift */,
				1DCB071B23699388007D8808 /* Actions.sks */,
				1DCB071D23699388007D8808 /* GameScene.swift */,
				1DCB071F23699388007D8808 /* GameViewController.swift */,
				1DCB072123699388007D8808 /* Main.storyboard */,
				1DCB07242369938F007D8808 /* Assets.xcassets */,
				1DCB07262369938F007D8808 /* LaunchScreen.storyboard */,
				1DCB07292369938F007D8808 /* Info.plist */,
			);
			path = ZombiBoss;
			sourceTree = "<group>";
		};
/* End PBXGroup section */

/* Begin PBXNativeTarget section */
		1DCB071323699388007D8808 /* ZombiBoss */ = {
			isa = PBXNativeTarget;
			buildConfigurationList = 1DCB072C2369938F007D8808 /* Build configuration list for PBXNativeTarget "ZombiBoss" */;
			buildPhases = (
				1DCB071023699388007D8808 /* Sources */,
				1DCB071123699388007D8808 /* Frameworks */,
				1DCB071223699388007D8808 /* Resources */,
			);
			buildRules = (
			);
			dependencies = (
			);
			name = ZombiBoss;
			productName = ZombiBoss;
			productReference = 1DCB071423699388007D8808 /* ZombiBoss.app */;
			productType = "com.apple.product-type.application";
		};
/* End PBXNativeTarget section */

/* Begin PBXProject section */
		1DCB070C23699387007D8808 /* Project object */ = {
			isa = PBXProject;
			attributes = {
				LastSwiftUpdateCheck = 1100;
				LastUpgradeCheck = 1100;
				ORGANIZATIONNAME = Imran;
				TargetAttributes = {
					1DCB071323699388007D8808 = {
						CreatedOnToolsVersion = 11.0;
					};
				};
			};
			buildConfigurationList = 1DCB070F23699387007D8808 /* Build configuration list for PBXProject "ZombiBoss" */;
			compatibilityVersion = "Xcode 9.3";
			developmentRegion = en;
			hasScannedForEncodings = 0;
			knownRegions = (
				en,
				Base,
			);
			mainGroup = 1DCB070B23699387007D8808;
			productRefGroup = 1DCB071523699388007D8808 /* Products */;
			projectDirPath = "";
			projectRoot = "";
			targets = (
				1DCB071323699388007D8808 /* ZombiBoss */,
			);
		};
/* End PBXProject section */

/* Begin PBXResourcesBuildPhase section */
		1DCB071223699388007D8808 /* Resources */ = {
			isa = PBXResourcesBuildPhase;
			buildActionMask = 2147483647;
			files = (
				1DCB073B23699835007D8808 /* sprites.atlas in Resources */,
				1DCB072323699388007D8808 /* Main.storyboard in Resources */,
				1DCB07252369938F007D8808 /* Assets.xcassets in Resources */,
				1DCB07282369938F007D8808 /* LaunchScreen.storyboard in Resources */,
				1DCB073C23699835007D8808 /* Images in Resources */,
				1DCB071C23699388007D8808 /* Actions.sks in Resources */,
				1DCB073D23699835007D8808 /* Sounds in Resources */,
			);
			runOnlyForDeploymentPostprocessing = 0;
		};
/* End PBXResourcesBuildPhase section */

/* Begin PBXSourcesBuildPhase section */
		1DCB071023699388007D8808 /* Sources */ = {
			isa = PBXSourcesBuildPhase;
			buildActionMask = 2147483647;
			files = (
				1DCB071E23699388007D8808 /* GameScene.swift in Sources */,
				1DCB072023699388007D8808 /* GameViewController.swift in Sources */,
				1DCB071823699388007D8808 /* AppDelegate.swift in Sources */,
			);
			runOnlyForDeploymentPostprocessing = 0;
		};
/* End PBXSourcesBuildPhase section */

/* Begin PBXVariantGroup section */
		1DCB072123699388007D8808 /* Main.storyboard */ = {
			isa = PBXVariantGroup;
			children = (
				1DCB072223699388007D8808 /* Base */,
			);
			name = Main.storyboard;
			sourceTree = "<group>";
		};
		1DCB07262369938F007D8808 /* LaunchScreen.storyboard */ = {
			isa = PBXVariantGroup;
			children = (
				1DCB07272369938F007D8808 /* Base */,
			);
			name = LaunchScreen.storyboard;
			sourceTree = "<group>";
		};
/* End PBXVariantGroup section */

/* Begin XCBuildConfiguration section */
		1DCB072A2369938F007D8808 /* Debug */ = {
			isa = XCBuildConfiguration;
			buildSettings = {
				ALWAYS_SEARCH_USER_PATHS = NO;
				CLANG_ANALYZER_NONNULL = YES;
				CLANG_ANALYZER_NUMBER_OBJECT_CONVERSION = YES_AGGRESSIVE;
				CLANG_CXX_LANGUAGE_STANDARD = "gnu++14";
				CLANG_CXX_LIBRARY = "libc++";
				CLANG_ENABLE_MODULES = YES;
				CLANG_ENABLE_OBJC_ARC = YES;
				CLANG_ENABLE_OBJC_WEAK = YES;
				CLANG_WARN_BLOCK_CAPTURE_AUTORELEASING = YES;
				CLANG_WARN_BOOL_CONVERSION = YES;
				CLANG_WARN_COMMA = YES;
				CLANG_WARN_CONSTANT_CONVERSION = YES;
				CLANG_WARN_DEPRECATED_OBJC_IMPLEMENTATIONS = YES;
				CLANG_WARN_DIRECT_OBJC_ISA_USAGE = YES_ERROR;
				CLANG_WARN_DOCUMENTATION_COMMENTS = YES;
				CLANG_WARN_EMPTY_BODY = YES;
				CLANG_WARN_ENUM_CONVERSION = YES;
				CLANG_WARN_INFINITE_RECURSION = YES;
				CLANG_WARN_INT_CONVERSION = YES;
				CLANG_WARN_NON_LITERAL_NULL_CONVERSION = YES;
				CLANG_WARN_OBJC_IMPLICIT_RETAIN_SELF = YES;
				CLANG_WARN_OBJC_LITERAL_CONVERSION = YES;
				CLANG_WARN_OBJC_ROOT_CLASS = YES_ERROR;
				CLANG_WARN_RANGE_LOOP_ANALYSIS = YES;
				CLANG_WARN_STRICT_PROTOTYPES = YES;
				CLANG_WARN_SUSPICIOUS_MOVE = YES;
				CLANG_WARN_UNGUARDED_AVAILABILITY = YES_AGGRESSIVE;
				CLANG_WARN_UNREACHABLE_CODE = YES;
				CLANG_WARN__DUPLICATE_METHOD_MATCH = YES;
				COPY_PHASE_STRIP = NO;
				DEBUG_INFORMATION_FORMAT = dwarf;
				ENABLE_STRICT_OBJC_MSGSEND = YES;
				ENABLE_TESTABILITY = YES;
				GCC_C_LANGUAGE_STANDARD = gnu11;
				GCC_DYNAMIC_NO_PIC = NO;
				GCC_NO_COMMON_BLOCKS = YES;
				GCC_OPTIMIZATION_LEVEL = 0;
				GCC_PREPROCESSOR_DEFINITIONS = (
					"DEBUG=1",
					"$(inherited)",
				);
				GCC_WARN_64_TO_32_BIT_CONVERSION = YES;
				GCC_WARN_ABOUT_RETURN_TYPE = YES_ERROR;
				GCC_WARN_UNDECLARED_SELECTOR = YES;
				GCC_WARN_UNINITIALIZED_AUTOS = YES_AGGRESSIVE;
				GCC_WARN_UNUSED_FUNCTION = YES;
				GCC_WARN_UNUSED_VARIABLE = YES;
				IPHONEOS_DEPLOYMENT_TARGET = 13.0;
				MTL_ENABLE_DEBUG_INFO = INCLUDE_SOURCE;
				MTL_FAST_MATH = YES;
				ONLY_ACTIVE_ARCH = YES;
				SDKROOT = iphoneos;
				SWIFT_ACTIVE_COMPILATION_CONDITIONS = DEBUG;
				SWIFT_OPTIMIZATION_LEVEL = "-Onone";
			};
			name = Debug;
		};
		1DCB072B2369938F007D8808 /* Release */ = {
			isa = XCBuildConfiguration;
			buildSettings = {
				ALWAYS_SEARCH_USER_PATHS = NO;
				CLANG_ANALYZER_NONNULL = YES;
				CLANG_ANALYZER_NUMBER_OBJECT_CONVERSION = YES_AGGRESSIVE;
				CLANG_CXX_LANGUAGE_STANDARD = "gnu++14";
				CLANG_CXX_LIBRARY = "libc++";
				CLANG_ENABLE_MODULES = YES;
				CLANG_ENABLE_OBJC_ARC = YES;
				CLANG_ENABLE_OBJC_WEAK = YES;
				CLANG_WARN_BLOCK_CAPTURE_AUTORELEASING = YES;
				CLANG_WARN_BOOL_CONVERSION = YES;
				CLANG_WARN_COMMA = YES;
				CLANG_WARN_CONSTANT_CONVERSION = YES;
				CLANG_WARN_DEPRECATED_OBJC_IMPLEMENTATIONS = YES;
				CLANG_WARN_DIRECT_OBJC_ISA_USAGE = YES_ERROR;
				CLANG_WARN_DOCUMENTATION_COMMENTS = YES;
				CLANG_WARN_EMPTY_BODY = YES;
				CLANG_WARN_ENUM_CONVERSION = YES;
				CLANG_WARN_INFINITE_RECURSION = YES;
				CLANG_WARN_INT_CONVERSION = YES;
				CLANG_WARN_NON_LITERAL_NULL_CONVERSION = YES;
				CLANG_WARN_OBJC_IMPLICIT_RETAIN_SELF = YES;
				CLANG_WARN_OBJC_LITERAL_CONVERSION = YES;
				CLANG_WARN_OBJC_ROOT_CLASS = YES_ERROR;
				CLANG_WARN_RANGE_LOOP_ANALYSIS = YES;
				CLANG_WARN_STRICT_PROTOTYPES = YES;
				CLANG_WARN_SUSPICIOUS_MOVE = YES;
				CLANG_WARN_UNGUARDED_AVAILABILITY = YES_AGGRESSIVE;
				CLANG_WARN_UNREACHABLE_CODE = YES;
				CLANG_WARN__DUPLICATE_METHOD_MATCH = YES;
				COPY_PHASE_STRIP = NO;
				DEBUG_INFORMATION_FORMAT = "dwarf-with-dsym";
				ENABLE_NS_ASSERTIONS = NO;
				ENABLE_STRICT_OBJC_MSGSEND = YES;
				GCC_C_LANGUAGE_STANDARD = gnu11;
				GCC_NO_COMMON_BLOCKS = YES;
				GCC_WARN_64_TO_32_BIT_CONVERSION = YES;
				GCC_WARN_ABOUT_RETURN_TYPE = YES_ERROR;
				GCC_WARN_UNDECLARED_SELECTOR = YES;
				GCC_WARN_UNINITIALIZED_AUTOS = YES_AGGRESSIVE;
				GCC_WARN_UNUSED_FUNCTION = YES;
				GCC_WARN_UNUSED_VARIABLE = YES;
				IPHONEOS_DEPLOYMENT_TARGET = 13.0;
				MTL_ENABLE_DEBUG_INFO = NO;
				MTL_FAST_MATH = YES;
				SDKROOT = iphoneos;
				SWIFT_COMPILATION_MODE = wholemodule;
				SWIFT_OPTIMIZATION_LEVEL = "-O";
				VALIDATE_PRODUCT = YES;
			};
			name = Release;
		};
		1DCB072D2369938F007D8808 /* Debug */ = {
			isa = XCBuildConfiguration;
			buildSettings = {
				ASSETCATALOG_COMPILER_APPICON_NAME = AppIcon;
				CODE_SIGN_STYLE = Automatic;
				INFOPLIST_FILE = ZombiBoss/Info.plist;
				LD_RUNPATH_SEARCH_PATHS = (
					"$(inherited)",
					"@executable_path/Frameworks",
				);
				PRODUCT_BUNDLE_IDENTIFIER = com.devsloop.ZombiBoss;
				PRODUCT_NAME = "$(TARGET_NAME)";
				SWIFT_VERSION = 5.0;
				TARGETED_DEVICE_FAMILY = "1,2";
			};
			name = Debug;
		};
		1DCB072E2369938F007D8808 /* Release */ = {
			isa = XCBuildConfiguration;
			buildSettings = {
				ASSETCATALOG_COMPILER_APPICON_NAME = AppIcon;
				CODE_SIGN_STYLE = Automatic;
				INFOPLIST_FILE = ZombiBoss/Info.plist;
				LD_RUNPATH_SEARCH_PATHS = (
					"$(inherited)",
					"@executable_path/Frameworks",
				);
				PRODUCT_BUNDLE_IDENTIFIER = com.devsloop.ZombiBoss;
				PRODUCT_NAME = "$(TARGET_NAME)";
				SWIFT_VERSION = 5.0;
				TARGETED_DEVICE_FAMILY = "1,2";
			};
			name = Release;
		};
/* End XCBuildConfiguration section */

/* Begin XCConfigurationList section */
		1DCB070F23699387007D8808 /* Build configuration list for PBXProject "ZombiBoss" */ = {
			isa = XCConfigurationList;
			buildConfigurations = (
				1DCB072A2369938F007D8808 /* Debug */,
				1DCB072B2369938F007D8808 /* Release */,
			);
			defaultConfigurationIsVisible = 0;
			defaultConfigurationName = Release;
		};
		1DCB072C2369938F007D8808 /* Build configuration list for PBXNativeTarget "ZombiBoss" */ = {
			isa = XCConfigurationList;
			buildConfigurations = (
				1DCB072D2369938F007D8808 /* Debug */,
				1DCB072E2369938F007D8808 /* Release */,
			);
			defaultConfigurationIsVisible = 0;
			defaultConfigurationName = Release;
		};
/* End XCConfigurationList section */
	};
	rootObject = 1DCB070C23699387007D8808 /* Project object */;
}
